{
  "nodes": {
    "nixpkgs": {
      "locked": {
        "lastModified": 1622456856,
        "narHash": "sha256-uvsP1HwSWH1ujkRBfJGa/0GnEge9jcEj7hTGP1x7X4k=",
        "path": "/nix/store/c8ps0q4jqlng16qpiqyr4wmylnlac858-source",
        "rev": "38fce8ec004b3e61c241e3b64c683f719644f350",
        "type": "path"
      },
      "original": {
        "id": "nixpkgs",
        "type": "indirect"
      }
    },
    "root": {
      "inputs": {
        "nixpkgs": "nixpkgs"
      }
    }
  },
  "root": "root",
  "version": 7
}
